
Microsoft Visual Studio Solution File, Format Version 12.00
# Visual Studio 15
VisualStudioVersion = 15.0.28010.2003
MinimumVisualStudioVersion = 10.0.40219.1
Project("{FAE04EC0-301F-11D3-BF4B-00C04F79EFBC}") = "MyWpfSysMenuApp", "MyWpfSysMenuApp\MyWpfSysMenuApp.csproj", "{EA2D3C29-2D56-4A48-9C43-DF258AAFB794}"
EndProject
Global
	GlobalSection(SolutionConfigurationPlatforms) = preSolution
		Debug|Any CPU = Debug|Any CPU
		Release|Any CPU = Release|Any CPU
	EndGlobalSection
	GlobalSection(ProjectConfigurationPlatforms) = postSolution
		{EA2D3C29-2D56-4A48-9C43-DF258AAFB794}.Debug|Any CPU.ActiveCfg = Debug|Any CPU
		{EA2D3C29-2D56-4A48-9C43-DF258AAFB794}.Debug|Any CPU.Build.0 = Debug|Any CPU
		{EA2D3C29-2D56-4A48-9C43-DF258AAFB794}.Release|Any CPU.ActiveCfg = Release|Any CPU
		{EA2D3C29-2D56-4A48-9C43-DF258AAFB794}.Release|Any CPU.Build.0 = Release|Any CPU
	EndGlobalSection
	GlobalSection(SolutionProperties) = preSolution
		HideSolutionNode = FALSE
	EndGlobalSection
	GlobalSection(ExtensibilityGlobals) = postSolution
		SolutionGuid = {DEFDD18F-4AC2-4AE2-9493-24B95748E9F4}
	EndGlobalSection
EndGlobal
